// !$*UTF8*$!
{
	archiveVersion = 1;
	classes = {
	};
	objectVersion = 46;
	objects = {

/* Begin PBXBuildFile section */
		2738BE0B1F392D93005D1E1C /* main.cpp in Sources */ = {isa = PBXBuildFile; fileRef = 278B41701F015F5A00D155B8 /* main.cpp */; };
		2738BE0C1F392F2C005D1E1C /* GC.cpp in Sources */ = {isa = PBXBuildFile; fileRef = 27FD47941F321C7C003499C4 /* GC.cpp */; };
		27B0A0F01F3B455F000D2CE8 /* performance.cpp in Sources */ = {isa = PBXBuildFile; fileRef = 27B0A0EE1F3B455F000D2CE8 /* performance.cpp */; };
/* End PBXBuildFile section */

/* Begin PBXCopyFilesBuildPhase section */
		278B416B1F015F5A00D155B8 /* CopyFiles */ = {
			isa = PBXCopyFilesBuildPhase;
			buildActionMask = 2147483647;
			dstPath = /usr/share/man/man1/;
			dstSubfolderSpec = 0;
			files = (
			);
			runOnlyForDeploymentPostprocessing = 1;
		};
/* End PBXCopyFilesBuildPhase section */

/* Begin PBXFileReference section */
		2738BDFF1F39289F005D1E1C /* Object.hpp */ = {isa = PBXFileReference; fileEncoding = 4; lastKnownFileType = sourcecode.cpp.h; path = Object.hpp; sourceTree = "<group>"; };
		2738BE001F392936005D1E1C /* ValueObject.hpp */ = {isa = PBXFileReference; lastKnownFileType = sourcecode.cpp.h; path = ValueObject.hpp; sourceTree = "<group>"; };
		2738BE011F392986005D1E1C /* GC.hpp */ = {isa = PBXFileReference; lastKnownFileType = sourcecode.cpp.h; path = GC.hpp; sourceTree = "<group>"; };
		2738BE031F392A70005D1E1C /* WeakRef.hpp */ = {isa = PBXFileReference; lastKnownFileType = sourcecode.cpp.h; path = WeakRef.hpp; sourceTree = "<group>"; };
		2738BE041F392AB0005D1E1C /* Ref.hpp */ = {isa = PBXFileReference; lastKnownFileType = sourcecode.cpp.h; path = Ref.hpp; sourceTree = "<group>"; };
		2738BE051F392C09005D1E1C /* Utility.hpp */ = {isa = PBXFileReference; lastKnownFileType = sourcecode.cpp.h; path = Utility.hpp; sourceTree = "<group>"; };
		2738BE0D1F3937EB005D1E1C /* All.hpp */ = {isa = PBXFileReference; lastKnownFileType = sourcecode.cpp.h; path = All.hpp; sourceTree = "<group>"; };
		278B416D1F015F5A00D155B8 /* gc_playground */ = {isa = PBXFileReference; explicitFileType = "compiled.mach-o.executable"; includeInIndex = 0; path = gc_playground; sourceTree = BUILT_PRODUCTS_DIR; };
		278B41701F015F5A00D155B8 /* main.cpp */ = {isa = PBXFileReference; lastKnownFileType = sourcecode.cpp.cpp; path = main.cpp; sourceTree = "<group>"; };
		27B0A0EE1F3B455F000D2CE8 /* performance.cpp */ = {isa = PBXFileReference; fileEncoding = 4; lastKnownFileType = sourcecode.cpp.cpp; path = performance.cpp; sourceTree = "<group>"; };
		27B0A0EF1F3B455F000D2CE8 /* performance.hpp */ = {isa = PBXFileReference; fileEncoding = 4; lastKnownFileType = sourcecode.cpp.h; path = performance.hpp; sourceTree = "<group>"; };
		27FD47901F2FB41C003499C4 /* .gitignore */ = {isa = PBXFileReference; lastKnownFileType = text; path = .gitignore; sourceTree = "<group>"; };
		27FD47941F321C7C003499C4 /* GC.cpp */ = {isa = PBXFileReference; fileEncoding = 4; lastKnownFileType = sourcecode.cpp.cpp; path = GC.cpp; sourceTree = "<group>"; };
/* End PBXFileReference section */

/* Begin PBXFrameworksBuildPhase section */
		278B416A1F015F5A00D155B8 /* Frameworks */ = {
			isa = PBXFrameworksBuildPhase;
			buildActionMask = 2147483647;
			files = (
			);
			runOnlyForDeploymentPostprocessing = 0;
		};
/* End PBXFrameworksBuildPhase section */

/* Begin PBXGroup section */
		2738BDFE1F39280F005D1E1C /* GC */ = {
			isa = PBXGroup;
			children = (
				2738BE0D1F3937EB005D1E1C /* All.hpp */,
				2738BE011F392986005D1E1C /* GC.hpp */,
				2738BDFF1F39289F005D1E1C /* Object.hpp */,
				2738BE041F392AB0005D1E1C /* Ref.hpp */,
				2738BE051F392C09005D1E1C /* Utility.hpp */,
				2738BE001F392936005D1E1C /* ValueObject.hpp */,
				2738BE031F392A70005D1E1C /* WeakRef.hpp */,
			);
			path = GC;
			sourceTree = "<group>";
		};
		2738BE061F392CB3005D1E1C /* include */ = {
			isa = PBXGroup;
			children = (
				2738BDFE1F39280F005D1E1C /* GC */,
			);
			path = include;
			sourceTree = "<group>";
		};
		2738BE071F392CCD005D1E1C /* src */ = {
			isa = PBXGroup;
			children = (
				2738BE081F392D27005D1E1C /* GC */,
				278B41701F015F5A00D155B8 /* main.cpp */,
				27B0A0EE1F3B455F000D2CE8 /* performance.cpp */,
				27B0A0EF1F3B455F000D2CE8 /* performance.hpp */,
			);
			path = src;
			sourceTree = "<group>";
		};
		2738BE081F392D27005D1E1C /* GC */ = {
			isa = PBXGroup;
			children = (
				27FD47941F321C7C003499C4 /* GC.cpp */,
			);
			path = GC;
			sourceTree = "<group>";
		};
		278B41641F015F5A00D155B8 = {
			isa = PBXGroup;
			children = (
				2738BE071F392CCD005D1E1C /* src */,
				2738BE061F392CB3005D1E1C /* include */,
				27FD47901F2FB41C003499C4 /* .gitignore */,
				278B416E1F015F5A00D155B8 /* Products */,
			);
			sourceTree = "<group>";
		};
		278B416E1F015F5A00D155B8 /* Products */ = {
			isa = PBXGroup;
			children = (
				278B416D1F015F5A00D155B8 /* gc_playground */,
			);
			name = Products;
			sourceTree = "<group>";
		};
/* End PBXGroup section */

/* Begin PBXNativeTarget section */
		278B416C1F015F5A00D155B8 /* gc_playground */ = {
			isa = PBXNativeTarget;
			buildConfigurationList = 278B41741F015F5B00D155B8 /* Build configuration list for PBXNativeTarget "gc_playground" */;
			buildPhases = (
				278B41691F015F5A00D155B8 /* Sources */,
				278B416A1F015F5A00D155B8 /* Frameworks */,
				278B416B1F015F5A00D155B8 /* CopyFiles */,
			);
			buildRules = (
			);
			dependencies = (
			);
			name = gc_playground;
			productName = gc_playground;
			productReference = 278B416D1F015F5A00D155B8 /* gc_playground */;
			productType = "com.apple.product-type.tool";
		};
/* End PBXNativeTarget section */

/* Begin PBXProject section */
		278B41651F015F5A00D155B8 /* Project object */ = {
			isa = PBXProject;
			attributes = {
				LastUpgradeCheck = 0830;
				ORGANIZATIONNAME = "Mike Caley";
				TargetAttributes = {
					278B416C1F015F5A00D155B8 = {
						CreatedOnToolsVersion = 8.3.3;
						DevelopmentTeam = D8H3Q67XQ5;
						ProvisioningStyle = Automatic;
					};
				};
			};
			buildConfigurationList = 278B41681F015F5A00D155B8 /* Build configuration list for PBXProject "gc_playground" */;
			compatibilityVersion = "Xcode 3.2";
			developmentRegion = English;
			hasScannedForEncodings = 0;
			knownRegions = (
				en,
			);
			mainGroup = 278B41641F015F5A00D155B8;
			productRefGroup = 278B416E1F015F5A00D155B8 /* Products */;
			projectDirPath = "";
			projectRoot = "";
			targets = (
				278B416C1F015F5A00D155B8 /* gc_playground */,
			);
		};
/* End PBXProject section */

/* Begin PBXSourcesBuildPhase section */
		278B41691F015F5A00D155B8 /* Sources */ = {
			isa = PBXSourcesBuildPhase;
			buildActionMask = 2147483647;
			files = (
				27B0A0F01F3B455F000D2CE8 /* performance.cpp in Sources */,
				2738BE0C1F392F2C005D1E1C /* GC.cpp in Sources */,
				2738BE0B1F392D93005D1E1C /* main.cpp in Sources */,
			);
			runOnlyForDeploymentPostprocessing = 0;
		};
/* End PBXSourcesBuildPhase section */

/* Begin XCBuildConfiguration section */
		278B41721F015F5A00D155B8 /* Debug */ = {
			isa = XCBuildConfiguration;
			buildSettings = {
				ALWAYS_SEARCH_USER_PATHS = NO;
				CLANG_ANALYZER_NONNULL = YES;
				CLANG_ANALYZER_NUMBER_OBJECT_CONVERSION = YES_AGGRESSIVE;
				CLANG_CXX_LANGUAGE_STANDARD = "c++14";
				CLANG_CXX_LIBRARY = "libc++";
				CLANG_ENABLE_MODULES = YES;
				CLANG_ENABLE_OBJC_ARC = YES;
				CLANG_WARN_BOOL_CONVERSION = YES;
				CLANG_WARN_CONSTANT_CONVERSION = YES;
				CLANG_WARN_DIRECT_OBJC_ISA_USAGE = YES_ERROR;
				CLANG_WARN_DOCUMENTATION_COMMENTS = YES;
				CLANG_WARN_EMPTY_BODY = YES;
				CLANG_WARN_ENUM_CONVERSION = YES;
				CLANG_WARN_INFINITE_RECURSION = YES;
				CLANG_WARN_INT_CONVERSION = YES;
				CLANG_WARN_OBJC_ROOT_CLASS = YES_ERROR;
				CLANG_WARN_SUSPICIOUS_MOVE = YES;
				CLANG_WARN_UNREACHABLE_CODE = YES;
				CLANG_WARN__DUPLICATE_METHOD_MATCH = YES;
				CODE_SIGN_IDENTITY = "-";
				COPY_PHASE_STRIP = NO;
				DEBUG_INFORMATION_FORMAT = dwarf;
				ENABLE_STRICT_OBJC_MSGSEND = YES;
				ENABLE_TESTABILITY = YES;
				GCC_C_LANGUAGE_STANDARD = gnu99;
				GCC_DYNAMIC_NO_PIC = NO;
				GCC_NO_COMMON_BLOCKS = YES;
				GCC_OPTIMIZATION_LEVEL = 0;
				GCC_PREPROCESSOR_DEFINITIONS = (
					"DEBUG=1",
					"$(inherited)",
				);
				GCC_WARN_64_TO_32_BIT_CONVERSION = YES;
				GCC_WARN_ABOUT_RETURN_TYPE = YES_ERROR;
				GCC_WARN_UNDECLARED_SELECTOR = YES;
				GCC_WARN_UNINITIALIZED_AUTOS = YES_AGGRESSIVE;
				GCC_WARN_UNUSED_FUNCTION = YES;
				GCC_WARN_UNUSED_VARIABLE = YES;
				HEADER_SEARCH_PATHS = "";
				MACOSX_DEPLOYMENT_TARGET = 10.12;
				MTL_ENABLE_DEBUG_INFO = YES;
				ONLY_ACTIVE_ARCH = YES;
				SDKROOT = macosx;
				USER_HEADER_SEARCH_PATHS = "$(PROJECT_DIR)/include";
			};
			name = Debug;
		};
		278B41731F015F5A00D155B8 /* Release */ = {
			isa = XCBuildConfiguration;
			buildSettings = {
				ALWAYS_SEARCH_USER_PATHS = NO;
				CLANG_ANALYZER_NONNULL = YES;
				CLANG_ANALYZER_NUMBER_OBJECT_CONVERSION = YES_AGGRESSIVE;
				CLANG_CXX_LANGUAGE_STANDARD = "c++14";
				CLANG_CXX_LIBRARY = "libc++";
				CLANG_ENABLE_MODULES = YES;
				CLANG_ENABLE_OBJC_ARC = YES;
				CLANG_WARN_BOOL_CONVERSION = YES;
				CLANG_WARN_CONSTANT_CONVERSION = YES;
				CLANG_WARN_DIRECT_OBJC_ISA_USAGE = YES_ERROR;
				CLANG_WARN_DOCUMENTATION_COMMENTS = YES;
				CLANG_WARN_EMPTY_BODY = YES;
				CLANG_WARN_ENUM_CONVERSION = YES;
				CLANG_WARN_INFINITE_RECURSION = YES;
				CLANG_WARN_INT_CONVERSION = YES;
				CLANG_WARN_OBJC_ROOT_CLASS = YES_ERROR;
				CLANG_WARN_SUSPICIOUS_MOVE = YES;
				CLANG_WARN_UNREACHABLE_CODE = YES;
				CLANG_WARN__DUPLICATE_METHOD_MATCH = YES;
				CODE_SIGN_IDENTITY = "-";
				COPY_PHASE_STRIP = NO;
				DEBUG_INFORMATION_FORMAT = "dwarf-with-dsym";
				ENABLE_NS_ASSERTIONS = NO;
				ENABLE_STRICT_OBJC_MSGSEND = YES;
				GCC_C_LANGUAGE_STANDARD = gnu99;
				GCC_NO_COMMON_BLOCKS = YES;
				GCC_WARN_64_TO_32_BIT_CONVERSION = YES;
				GCC_WARN_ABOUT_RETURN_TYPE = YES_ERROR;
				GCC_WARN_UNDECLARED_SELECTOR = YES;
				GCC_WARN_UNINITIALIZED_AUTOS = YES_AGGRESSIVE;
				GCC_WARN_UNUSED_FUNCTION = YES;
				GCC_WARN_UNUSED_VARIABLE = YES;
				HEADER_SEARCH_PATHS = "";
				MACOSX_DEPLOYMENT_TARGET = 10.12;
				MTL_ENABLE_DEBUG_INFO = NO;
				SDKROOT = macosx;
				USER_HEADER_SEARCH_PATHS = "$(PROJECT_DIR)/include";
			};
			name = Release;
		};
		278B41751F015F5B00D155B8 /* Debug */ = {
			isa = XCBuildConfiguration;
			buildSettings = {
				DEVELOPMENT_TEAM = D8H3Q67XQ5;
				PRODUCT_NAME = "$(TARGET_NAME)";
			};
			name = Debug;
		};
		278B41761F015F5B00D155B8 /* Release */ = {
			isa = XCBuildConfiguration;
			buildSettings = {
				DEVELOPMENT_TEAM = D8H3Q67XQ5;
				PRODUCT_NAME = "$(TARGET_NAME)";
			};
			name = Release;
		};
/* End XCBuildConfiguration section */

/* Begin XCConfigurationList section */
		278B41681F015F5A00D155B8 /* Build configuration list for PBXProject "gc_playground" */ = {
			isa = XCConfigurationList;
			buildConfigurations = (
				278B41721F015F5A00D155B8 /* Debug */,
				278B41731F015F5A00D155B8 /* Release */,
			);
			defaultConfigurationIsVisible = 0;
			defaultConfigurationName = Release;
		};
		278B41741F015F5B00D155B8 /* Build configuration list for PBXNativeTarget "gc_playground" */ = {
			isa = XCConfigurationList;
			buildConfigurations = (
				278B41751F015F5B00D155B8 /* Debug */,
				278B41761F015F5B00D155B8 /* Release */,
			);
			defaultConfigurationIsVisible = 0;
			defaultConfigurationName = Release;
		};
/* End XCConfigurationList section */
	};
	rootObject = 278B41651F015F5A00D155B8 /* Project object */;
}
